<Solution>
  <Folder Name="/Application/" />
  <Folder Name="/Application/DTOs/" />
  <Folder Name="/Application/NewFolder1/" />
  <Folder Name="/Application/UseCases/" />
  <Folder Name="/Domain/" />
  <Folder Name="/Domain/DomainEvents/" />
  <Folder Name="/Domain/Entities/" />
  <Folder Name="/Domain/Interfaces/" />
  <Folder Name="/Infrastructure/" />
  <Folder Name="/UI/" />
</Solution>
